
Microsoft Visual Studio Solution File, Format Version 12.00
# Visual Studio Version 17
VisualStudioVersion = 17.9.34622.214
MinimumVisualStudioVersion = 10.0.40219.1
Project("{FAE04EC0-301F-11D3-BF4B-00C04F79EFBC}") = "Dolgozat", "Dolgozat\Dolgozat.csproj", "{17AFEFAF-F043-4CD2-A650-18A255CFBB33}"
EndProject
Global
	GlobalSection(SolutionConfigurationPlatforms) = preSolution
		Debug|Any CPU = Debug|Any CPU
		Release|Any CPU = Release|Any CPU
	EndGlobalSection
	GlobalSection(ProjectConfigurationPlatforms) = postSolution
		{17AFEFAF-F043-4CD2-A650-18A255CFBB33}.Debug|Any CPU.ActiveCfg = Debug|Any CPU
		{17AFEFAF-F043-4CD2-A650-18A255CFBB33}.Debug|Any CPU.Build.0 = Debug|Any CPU
		{17AFEFAF-F043-4CD2-A650-18A255CFBB33}.Release|Any CPU.ActiveCfg = Release|Any CPU
		{17AFEFAF-F043-4CD2-A650-18A255CFBB33}.Release|Any CPU.Build.0 = Release|Any CPU
	EndGlobalSection
	GlobalSection(SolutionProperties) = preSolution
		HideSolutionNode = FALSE
	EndGlobalSection
	GlobalSection(ExtensibilityGlobals) = postSolution
		SolutionGuid = {DB806261-7E61-4F8C-AD97-58426F0E8D8A}
	EndGlobalSection
EndGlobal
